// !$*UTF8*$!
{
	archiveVersion = 1;
	classes = {
	};
	objectVersion = 48;
	objects = {

/* Begin PBXBuildFile section */
		0ABD0337216A1CC0005CF70C /* AppDelegate.swift in Sources */ = {isa = PBXBuildFile; fileRef = 0ABD0336216A1CC0005CF70C /* AppDelegate.swift */; };
		0ABD0339216A1CC0005CF70C /* ViewController.swift in Sources */ = {isa = PBXBuildFile; fileRef = 0ABD0338216A1CC0005CF70C /* ViewController.swift */; };
		0ABD033C216A1CC0005CF70C /* Main.storyboard in Resources */ = {isa = PBXBuildFile; fileRef = 0ABD033A216A1CC0005CF70C /* Main.storyboard */; };
		0ABD033E216A1CC0005CF70C /* Assets.xcassets in Resources */ = {isa = PBXBuildFile; fileRef = 0ABD033D216A1CC0005CF70C /* Assets.xcassets */; };
		0ABD0341216A1CC0005CF70C /* LaunchScreen.storyboard in Resources */ = {isa = PBXBuildFile; fileRef = 0ABD033F216A1CC0005CF70C /* LaunchScreen.storyboard */; };
		0ABD034C216A1CC0005CF70C /* book_xml_parsing_ikTests.swift in Sources */ = {isa = PBXBuildFile; fileRef = 0ABD034B216A1CC0005CF70C /* book_xml_parsing_ikTests.swift */; };
		0ABD0357216A1CC0005CF70C /* book_xml_parsing_ikUITests.swift in Sources */ = {isa = PBXBuildFile; fileRef = 0ABD0356216A1CC0005CF70C /* book_xml_parsing_ikUITests.swift */; };
/* End PBXBuildFile section */

/* Begin PBXContainerItemProxy section */
		0ABD0348216A1CC0005CF70C /* PBXContainerItemProxy */ = {
			isa = PBXContainerItemProxy;
			containerPortal = 0ABD032B216A1CC0005CF70C /* Project object */;
			proxyType = 1;
			remoteGlobalIDString = 0ABD0332216A1CC0005CF70C;
			remoteInfo = book_xml_parsing_ik;
		};
		0ABD0353216A1CC0005CF70C /* PBXContainerItemProxy */ = {
			isa = PBXContainerItemProxy;
			containerPortal = 0ABD032B216A1CC0005CF70C /* Project object */;
			proxyType = 1;
			remoteGlobalIDString = 0ABD0332216A1CC0005CF70C;
			remoteInfo = book_xml_parsing_ik;
		};
/* End PBXContainerItemProxy section */

/* Begin PBXFileReference section */
		0ABD0333216A1CC0005CF70C /* book_xml_parsing_ik.app */ = {isa = PBXFileReference; explicitFileType = wrapper.application; includeInIndex = 0; path = book_xml_parsing_ik.app; sourceTree = BUILT_PRODUCTS_DIR; };
		0ABD0336216A1CC0005CF70C /* AppDelegate.swift */ = {isa = PBXFileReference; lastKnownFileType = sourcecode.swift; path = AppDelegate.swift; sourceTree = "<group>"; };
		0ABD0338216A1CC0005CF70C /* ViewController.swift */ = {isa = PBXFileReference; lastKnownFileType = sourcecode.swift; path = ViewController.swift; sourceTree = "<group>"; };
		0ABD033B216A1CC0005CF70C /* Base */ = {isa = PBXFileReference; lastKnownFileType = file.storyboard; name = Base; path = Base.lproj/Main.storyboard; sourceTree = "<group>"; };
		0ABD033D216A1CC0005CF70C /* Assets.xcassets */ = {isa = PBXFileReference; lastKnownFileType = folder.assetcatalog; path = Assets.xcassets; sourceTree = "<group>"; };
		0ABD0340216A1CC0005CF70C /* Base */ = {isa = PBXFileReference; lastKnownFileType = file.storyboard; name = Base; path = Base.lproj/LaunchScreen.storyboard; sourceTree = "<group>"; };
		0ABD0342216A1CC0005CF70C /* Info.plist */ = {isa = PBXFileReference; lastKnownFileType = text.plist.xml; path = Info.plist; sourceTree = "<group>"; };
		0ABD0347216A1CC0005CF70C /* book_xml_parsing_ikTests.xctest */ = {isa = PBXFileReference; explicitFileType = wrapper.cfbundle; includeInIndex = 0; path = book_xml_parsing_ikTests.xctest; sourceTree = BUILT_PRODUCTS_DIR; };
		0ABD034B216A1CC0005CF70C /* book_xml_parsing_ikTests.swift */ = {isa = PBXFileReference; lastKnownFileType = sourcecode.swift; path = book_xml_parsing_ikTests.swift; sourceTree = "<group>"; };
		0ABD034D216A1CC0005CF70C /* Info.plist */ = {isa = PBXFileReference; lastKnownFileType = text.plist.xml; path = Info.plist; sourceTree = "<group>"; };
		0ABD0352216A1CC0005CF70C /* book_xml_parsing_ikUITests.xctest */ = {isa = PBXFileReference; explicitFileType = wrapper.cfbundle; includeInIndex = 0; path = book_xml_parsing_ikUITests.xctest; sourceTree = BUILT_PRODUCTS_DIR; };
		0ABD0356216A1CC0005CF70C /* book_xml_parsing_ikUITests.swift */ = {isa = PBXFileReference; lastKnownFileType = sourcecode.swift; path = book_xml_parsing_ikUITests.swift; sourceTree = "<group>"; };
		0ABD0358216A1CC1005CF70C /* Info.plist */ = {isa = PBXFileReference; lastKnownFileType = text.plist.xml; path = Info.plist; sourceTree = "<group>"; };
/* End PBXFileReference section */

/* Begin PBXFrameworksBuildPhase section */
		0ABD0330216A1CC0005CF70C /* Frameworks */ = {
			isa = PBXFrameworksBuildPhase;
			buildActionMask = 2147483647;
			files = (
			);
			runOnlyForDeploymentPostprocessing = 0;
		};
		0ABD0344216A1CC0005CF70C /* Frameworks */ = {
			isa = PBXFrameworksBuildPhase;
			buildActionMask = 2147483647;
			files = (
			);
			runOnlyForDeploymentPostprocessing = 0;
		};
		0ABD034F216A1CC0005CF70C /* Frameworks */ = {
			isa = PBXFrameworksBuildPhase;
			buildActionMask = 2147483647;
			files = (
			);
			runOnlyForDeploymentPostprocessing = 0;
		};
/* End PBXFrameworksBuildPhase section */

/* Begin PBXGroup section */
		0ABD032A216A1CC0005CF70C = {
			isa = PBXGroup;
			children = (
				0ABD0335216A1CC0005CF70C /* book_xml_parsing_ik */,
				0ABD034A216A1CC0005CF70C /* book_xml_parsing_ikTests */,
				0ABD0355216A1CC0005CF70C /* book_xml_parsing_ikUITests */,
				0ABD0334216A1CC0005CF70C /* Products */,
			);
			sourceTree = "<group>";
		};
		0ABD0334216A1CC0005CF70C /* Products */ = {
			isa = PBXGroup;
			children = (
				0ABD0333216A1CC0005CF70C /* book_xml_parsing_ik.app */,
				0ABD0347216A1CC0005CF70C /* book_xml_parsing_ikTests.xctest */,
				0ABD0352216A1CC0005CF70C /* book_xml_parsing_ikUITests.xctest */,
			);
			name = Products;
			sourceTree = "<group>";
		};
		0ABD0335216A1CC0005CF70C /* book_xml_parsing_ik */ = {
			isa = PBXGroup;
			children = (
				0ABD0336216A1CC0005CF70C /* AppDelegate.swift */,
				0ABD0338216A1CC0005CF70C /* ViewController.swift */,
				0ABD033A216A1CC0005CF70C /* Main.storyboard */,
				0ABD033D216A1CC0005CF70C /* Assets.xcassets */,
				0ABD033F216A1CC0005CF70C /* LaunchScreen.storyboard */,
				0ABD0342216A1CC0005CF70C /* Info.plist */,
			);
			path = book_xml_parsing_ik;
			sourceTree = "<group>";
		};
		0ABD034A216A1CC0005CF70C /* book_xml_parsing_ikTests */ = {
			isa = PBXGroup;
			children = (
				0ABD034B216A1CC0005CF70C /* book_xml_parsing_ikTests.swift */,
				0ABD034D216A1CC0005CF70C /* Info.plist */,
			);
			path = book_xml_parsing_ikTests;
			sourceTree = "<group>";
		};
		0ABD0355216A1CC0005CF70C /* book_xml_parsing_ikUITests */ = {
			isa = PBXGroup;
			children = (
				0ABD0356216A1CC0005CF70C /* book_xml_parsing_ikUITests.swift */,
				0ABD0358216A1CC1005CF70C /* Info.plist */,
			);
			path = book_xml_parsing_ikUITests;
			sourceTree = "<group>";
		};
/* End PBXGroup section */

/* Begin PBXNativeTarget section */
		0ABD0332216A1CC0005CF70C /* book_xml_parsing_ik */ = {
			isa = PBXNativeTarget;
			buildConfigurationList = 0ABD035B216A1CC1005CF70C /* Build configuration list for PBXNativeTarget "book_xml_parsing_ik" */;
			buildPhases = (
				0ABD032F216A1CC0005CF70C /* Sources */,
				0ABD0330216A1CC0005CF70C /* Frameworks */,
				0ABD0331216A1CC0005CF70C /* Resources */,
			);
			buildRules = (
			);
			dependencies = (
			);
			name = book_xml_parsing_ik;
			productName = book_xml_parsing_ik;
			productReference = 0ABD0333216A1CC0005CF70C /* book_xml_parsing_ik.app */;
			productType = "com.apple.product-type.application";
		};
		0ABD0346216A1CC0005CF70C /* book_xml_parsing_ikTests */ = {
			isa = PBXNativeTarget;
			buildConfigurationList = 0ABD035E216A1CC1005CF70C /* Build configuration list for PBXNativeTarget "book_xml_parsing_ikTests" */;
			buildPhases = (
				0ABD0343216A1CC0005CF70C /* Sources */,
				0ABD0344216A1CC0005CF70C /* Frameworks */,
				0ABD0345216A1CC0005CF70C /* Resources */,
			);
			buildRules = (
			);
			dependencies = (
				0ABD0349216A1CC0005CF70C /* PBXTargetDependency */,
			);
			name = book_xml_parsing_ikTests;
			productName = book_xml_parsing_ikTests;
			productReference = 0ABD0347216A1CC0005CF70C /* book_xml_parsing_ikTests.xctest */;
			productType = "com.apple.product-type.bundle.unit-test";
		};
		0ABD0351216A1CC0005CF70C /* book_xml_parsing_ikUITests */ = {
			isa = PBXNativeTarget;
			buildConfigurationList = 0ABD0361216A1CC1005CF70C /* Build configuration list for PBXNativeTarget "book_xml_parsing_ikUITests" */;
			buildPhases = (
				0ABD034E216A1CC0005CF70C /* Sources */,
				0ABD034F216A1CC0005CF70C /* Frameworks */,
				0ABD0350216A1CC0005CF70C /* Resources */,
			);
			buildRules = (
			);
			dependencies = (
				0ABD0354216A1CC0005CF70C /* PBXTargetDependency */,
			);
			name = book_xml_parsing_ikUITests;
			productName = book_xml_parsing_ikUITests;
			productReference = 0ABD0352216A1CC0005CF70C /* book_xml_parsing_ikUITests.xctest */;
			productType = "com.apple.product-type.bundle.ui-testing";
		};
/* End PBXNativeTarget section */

/* Begin PBXProject section */
		0ABD032B216A1CC0005CF70C /* Project object */ = {
			isa = PBXProject;
			attributes = {
				LastSwiftUpdateCheck = 0920;
				LastUpgradeCheck = 0920;
				ORGANIZATIONNAME = jik;
				TargetAttributes = {
					0ABD0332216A1CC0005CF70C = {
						CreatedOnToolsVersion = 9.2;
						ProvisioningStyle = Automatic;
					};
					0ABD0346216A1CC0005CF70C = {
						CreatedOnToolsVersion = 9.2;
						ProvisioningStyle = Automatic;
						TestTargetID = 0ABD0332216A1CC0005CF70C;
					};
					0ABD0351216A1CC0005CF70C = {
						CreatedOnToolsVersion = 9.2;
						ProvisioningStyle = Automatic;
						TestTargetID = 0ABD0332216A1CC0005CF70C;
					};
				};
			};
			buildConfigurationList = 0ABD032E216A1CC0005CF70C /* Build configuration list for PBXProject "book_xml_parsing_ik" */;
			compatibilityVersion = "Xcode 8.0";
			developmentRegion = en;
			hasScannedForEncodings = 0;
			knownRegions = (
				en,
				Base,
			);
			mainGroup = 0ABD032A216A1CC0005CF70C;
			productRefGroup = 0ABD0334216A1CC0005CF70C /* Products */;
			projectDirPath = "";
			projectRoot = "";
			targets = (
				0ABD0332216A1CC0005CF70C /* book_xml_parsing_ik */,
				0ABD0346216A1CC0005CF70C /* book_xml_parsing_ikTests */,
				0ABD0351216A1CC0005CF70C /* book_xml_parsing_ikUITests */,
			);
		};
/* End PBXProject section */

/* Begin PBXResourcesBuildPhase section */
		0ABD0331216A1CC0005CF70C /* Resources */ = {
			isa = PBXResourcesBuildPhase;
			buildActionMask = 2147483647;
			files = (
				0ABD0341216A1CC0005CF70C /* LaunchScreen.storyboard in Resources */,
				0ABD033E216A1CC0005CF70C /* Assets.xcassets in Resources */,
				0ABD033C216A1CC0005CF70C /* Main.storyboard in Resources */,
			);
			runOnlyForDeploymentPostprocessing = 0;
		};
		0ABD0345216A1CC0005CF70C /* Resources */ = {
			isa = PBXResourcesBuildPhase;
			buildActionMask = 2147483647;
			files = (
			);
			runOnlyForDeploymentPostprocessing = 0;
		};
		0ABD0350216A1CC0005CF70C /* Resources */ = {
			isa = PBXResourcesBuildPhase;
			buildActionMask = 2147483647;
			files = (
			);
			runOnlyForDeploymentPostprocessing = 0;
		};
/* End PBXResourcesBuildPhase section */

/* Begin PBXSourcesBuildPhase section */
		0ABD032F216A1CC0005CF70C /* Sources */ = {
			isa = PBXSourcesBuildPhase;
			buildActionMask = 2147483647;
			files = (
				0ABD0339216A1CC0005CF70C /* ViewController.swift in Sources */,
				0ABD0337216A1CC0005CF70C /* AppDelegate.swift in Sources */,
			);
			runOnlyForDeploymentPostprocessing = 0;
		};
		0ABD0343216A1CC0005CF70C /* Sources */ = {
			isa = PBXSourcesBuildPhase;
			buildActionMask = 2147483647;
			files = (
				0ABD034C216A1CC0005CF70C /* book_xml_parsing_ikTests.swift in Sources */,
			);
			runOnlyForDeploymentPostprocessing = 0;
		};
		0ABD034E216A1CC0005CF70C /* Sources */ = {
			isa = PBXSourcesBuildPhase;
			buildActionMask = 2147483647;
			files = (
				0ABD0357216A1CC0005CF70C /* book_xml_parsing_ikUITests.swift in Sources */,
			);
			runOnlyForDeploymentPostprocessing = 0;
		};
/* End PBXSourcesBuildPhase section */

/* Begin PBXTargetDependency section */
		0ABD0349216A1CC0005CF70C /* PBXTargetDependency */ = {
			isa = PBXTargetDependency;
			target = 0ABD0332216A1CC0005CF70C /* book_xml_parsing_ik */;
			targetProxy = 0ABD0348216A1CC0005CF70C /* PBXContainerItemProxy */;
		};
		0ABD0354216A1CC0005CF70C /* PBXTargetDependency */ = {
			isa = PBXTargetDependency;
			target = 0ABD0332216A1CC0005CF70C /* book_xml_parsing_ik */;
			targetProxy = 0ABD0353216A1CC0005CF70C /* PBXContainerItemProxy */;
		};
/* End PBXTargetDependency section */

/* Begin PBXVariantGroup section */
		0ABD033A216A1CC0005CF70C /* Main.storyboard */ = {
			isa = PBXVariantGroup;
			children = (
				0ABD033B216A1CC0005CF70C /* Base */,
			);
			name = Main.storyboard;
			sourceTree = "<group>";
		};
		0ABD033F216A1CC0005CF70C /* LaunchScreen.storyboard */ = {
			isa = PBXVariantGroup;
			children = (
				0ABD0340216A1CC0005CF70C /* Base */,
			);
			name = LaunchScreen.storyboard;
			sourceTree = "<group>";
		};
/* End PBXVariantGroup section */

/* Begin XCBuildConfiguration section */
		0ABD0359216A1CC1005CF70C /* Debug */ = {
			isa = XCBuildConfiguration;
			buildSettings = {
				ALWAYS_SEARCH_USER_PATHS = NO;
				CLANG_ANALYZER_NONNULL = YES;
				CLANG_ANALYZER_NUMBER_OBJECT_CONVERSION = YES_AGGRESSIVE;
				CLANG_CXX_LANGUAGE_STANDARD = "gnu++14";
				CLANG_CXX_LIBRARY = "libc++";
				CLANG_ENABLE_MODULES = YES;
				CLANG_ENABLE_OBJC_ARC = YES;
				CLANG_WARN_BLOCK_CAPTURE_AUTORELEASING = YES;
				CLANG_WARN_BOOL_CONVERSION = YES;
				CLANG_WARN_COMMA = YES;
				CLANG_WARN_CONSTANT_CONVERSION = YES;
				CLANG_WARN_DIRECT_OBJC_ISA_USAGE = YES_ERROR;
				CLANG_WARN_DOCUMENTATION_COMMENTS = YES;
				CLANG_WARN_EMPTY_BODY = YES;
				CLANG_WARN_ENUM_CONVERSION = YES;
				CLANG_WARN_INFINITE_RECURSION = YES;
				CLANG_WARN_INT_CONVERSION = YES;
				CLANG_WARN_NON_LITERAL_NULL_CONVERSION = YES;
				CLANG_WARN_OBJC_LITERAL_CONVERSION = YES;
				CLANG_WARN_OBJC_ROOT_CLASS = YES_ERROR;
				CLANG_WARN_RANGE_LOOP_ANALYSIS = YES;
				CLANG_WARN_STRICT_PROTOTYPES = YES;
				CLANG_WARN_SUSPICIOUS_MOVE = YES;
				CLANG_WARN_UNGUARDED_AVAILABILITY = YES_AGGRESSIVE;
				CLANG_WARN_UNREACHABLE_CODE = YES;
				CLANG_WARN__DUPLICATE_METHOD_MATCH = YES;
				CODE_SIGN_IDENTITY = "iPhone Developer";
				COPY_PHASE_STRIP = NO;
				DEBUG_INFORMATION_FORMAT = dwarf;
				ENABLE_STRICT_OBJC_MSGSEND = YES;
				ENABLE_TESTABILITY = YES;
				GCC_C_LANGUAGE_STANDARD = gnu11;
				GCC_DYNAMIC_NO_PIC = NO;
				GCC_NO_COMMON_BLOCKS = YES;
				GCC_OPTIMIZATION_LEVEL = 0;
				GCC_PREPROCESSOR_DEFINITIONS = (
					"DEBUG=1",
					"$(inherited)",
				);
				GCC_WARN_64_TO_32_BIT_CONVERSION = YES;
				GCC_WARN_ABOUT_RETURN_TYPE = YES_ERROR;
				GCC_WARN_UNDECLARED_SELECTOR = YES;
				GCC_WARN_UNINITIALIZED_AUTOS = YES_AGGRESSIVE;
				GCC_WARN_UNUSED_FUNCTION = YES;
				GCC_WARN_UNUSED_VARIABLE = YES;
				IPHONEOS_DEPLOYMENT_TARGET = 11.2;
				MTL_ENABLE_DEBUG_INFO = YES;
				ONLY_ACTIVE_ARCH = YES;
				SDKROOT = iphoneos;
				SWIFT_ACTIVE_COMPILATION_CONDITIONS = DEBUG;
				SWIFT_OPTIMIZATION_LEVEL = "-Onone";
			};
			name = Debug;
		};
		0ABD035A216A1CC1005CF70C /* Release */ = {
			isa = XCBuildConfiguration;
			buildSettings = {
				ALWAYS_SEARCH_USER_PATHS = NO;
				CLANG_ANALYZER_NONNULL = YES;
				CLANG_ANALYZER_NUMBER_OBJECT_CONVERSION = YES_AGGRESSIVE;
				CLANG_CXX_LANGUAGE_STANDARD = "gnu++14";
				CLANG_CXX_LIBRARY = "libc++";
				CLANG_ENABLE_MODULES = YES;
				CLANG_ENABLE_OBJC_ARC = YES;
				CLANG_WARN_BLOCK_CAPTURE_AUTORELEASING = YES;
				CLANG_WARN_BOOL_CONVERSION = YES;
				CLANG_WARN_COMMA = YES;
				CLANG_WARN_CONSTANT_CONVERSION = YES;
				CLANG_WARN_DIRECT_OBJC_ISA_USAGE = YES_ERROR;
				CLANG_WARN_DOCUMENTATION_COMMENTS = YES;
				CLANG_WARN_EMPTY_BODY = YES;
				CLANG_WARN_ENUM_CONVERSION = YES;
				CLANG_WARN_INFINITE_RECURSION = YES;
				CLANG_WARN_INT_CONVERSION = YES;
				CLANG_WARN_NON_LITERAL_NULL_CONVERSION = YES;
				CLANG_WARN_OBJC_LITERAL_CONVERSION = YES;
				CLANG_WARN_OBJC_ROOT_CLASS = YES_ERROR;
				CLANG_WARN_RANGE_LOOP_ANALYSIS = YES;
				CLANG_WARN_STRICT_PROTOTYPES = YES;
				CLANG_WARN_SUSPICIOUS_MOVE = YES;
				CLANG_WARN_UNGUARDED_AVAILABILITY = YES_AGGRESSIVE;
				CLANG_WARN_UNREACHABLE_CODE = YES;
				CLANG_WARN__DUPLICATE_METHOD_MATCH = YES;
				CODE_SIGN_IDENTITY = "iPhone Developer";
				COPY_PHASE_STRIP = NO;
				DEBUG_INFORMATION_FORMAT = "dwarf-with-dsym";
				ENABLE_NS_ASSERTIONS = NO;
				ENABLE_STRICT_OBJC_MSGSEND = YES;
				GCC_C_LANGUAGE_STANDARD = gnu11;
				GCC_NO_COMMON_BLOCKS = YES;
				GCC_WARN_64_TO_32_BIT_CONVERSION = YES;
				GCC_WARN_ABOUT_RETURN_TYPE = YES_ERROR;
				GCC_WARN_UNDECLARED_SELECTOR = YES;
				GCC_WARN_UNINITIALIZED_AUTOS = YES_AGGRESSIVE;
				GCC_WARN_UNUSED_FUNCTION = YES;
				GCC_WARN_UNUSED_VARIABLE = YES;
				IPHONEOS_DEPLOYMENT_TARGET = 11.2;
				MTL_ENABLE_DEBUG_INFO = NO;
				SDKROOT = iphoneos;
				SWIFT_OPTIMIZATION_LEVEL = "-Owholemodule";
				VALIDATE_PRODUCT = YES;
			};
			name = Release;
		};
		0ABD035C216A1CC1005CF70C /* Debug */ = {
			isa = XCBuildConfiguration;
			buildSettings = {
				ASSETCATALOG_COMPILER_APPICON_NAME = AppIcon;
				CODE_SIGN_STYLE = Automatic;
				INFOPLIST_FILE = book_xml_parsing_ik/Info.plist;
				LD_RUNPATH_SEARCH_PATHS = "$(inherited) @executable_path/Frameworks";
				PRODUCT_BUNDLE_IDENTIFIER = "test.book-xml-parsing-ik";
				PRODUCT_NAME = "$(TARGET_NAME)";
				SWIFT_VERSION = 4.0;
				TARGETED_DEVICE_FAMILY = "1,2";
			};
			name = Debug;
		};
		0ABD035D216A1CC1005CF70C /* Release */ = {
			isa = XCBuildConfiguration;
			buildSettings = {
				ASSETCATALOG_COMPILER_APPICON_NAME = AppIcon;
				CODE_SIGN_STYLE = Automatic;
				INFOPLIST_FILE = book_xml_parsing_ik/Info.plist;
				LD_RUNPATH_SEARCH_PATHS = "$(inherited) @executable_path/Frameworks";
				PRODUCT_BUNDLE_IDENTIFIER = "test.book-xml-parsing-ik";
				PRODUCT_NAME = "$(TARGET_NAME)";
				SWIFT_VERSION = 4.0;
				TARGETED_DEVICE_FAMILY = "1,2";
			};
			name = Release;
		};
		0ABD035F216A1CC1005CF70C /* Debug */ = {
			isa = XCBuildConfiguration;
			buildSettings = {
				ALWAYS_EMBED_SWIFT_STANDARD_LIBRARIES = YES;
				BUNDLE_LOADER = "$(TEST_HOST)";
				CODE_SIGN_STYLE = Automatic;
				INFOPLIST_FILE = book_xml_parsing_ikTests/Info.plist;
				LD_RUNPATH_SEARCH_PATHS = "$(inherited) @executable_path/Frameworks @loader_path/Frameworks";
				PRODUCT_BUNDLE_IDENTIFIER = "test.book-xml-parsing-ikTests";
				PRODUCT_NAME = "$(TARGET_NAME)";
				SWIFT_VERSION = 4.0;
				TARGETED_DEVICE_FAMILY = "1,2";
				TEST_HOST = "$(BUILT_PRODUCTS_DIR)/book_xml_parsing_ik.app/book_xml_parsing_ik";
			};
			name = Debug;
		};
		0ABD0360216A1CC1005CF70C /* Release */ = {
			isa = XCBuildConfiguration;
			buildSettings = {
				ALWAYS_EMBED_SWIFT_STANDARD_LIBRARIES = YES;
				BUNDLE_LOADER = "$(TEST_HOST)";
				CODE_SIGN_STYLE = Automatic;
				INFOPLIST_FILE = book_xml_parsing_ikTests/Info.plist;
				LD_RUNPATH_SEARCH_PATHS = "$(inherited) @executable_path/Frameworks @loader_path/Frameworks";
				PRODUCT_BUNDLE_IDENTIFIER = "test.book-xml-parsing-ikTests";
				PRODUCT_NAME = "$(TARGET_NAME)";
				SWIFT_VERSION = 4.0;
				TARGETED_DEVICE_FAMILY = "1,2";
				TEST_HOST = "$(BUILT_PRODUCTS_DIR)/book_xml_parsing_ik.app/book_xml_parsing_ik";
			};
			name = Release;
		};
		0ABD0362216A1CC1005CF70C /* Debug */ = {
			isa = XCBuildConfiguration;
			buildSettings = {
				ALWAYS_EMBED_SWIFT_STANDARD_LIBRARIES = YES;
				CODE_SIGN_STYLE = Automatic;
				INFOPLIST_FILE = book_xml_parsing_ikUITests/Info.plist;
				LD_RUNPATH_SEARCH_PATHS = "$(inherited) @executable_path/Frameworks @loader_path/Frameworks";
				PRODUCT_BUNDLE_IDENTIFIER = "test.book-xml-parsing-ikUITests";
				PRODUCT_NAME = "$(TARGET_NAME)";
				SWIFT_VERSION = 4.0;
				TARGETED_DEVICE_FAMILY = "1,2";
				TEST_TARGET_NAME = book_xml_parsing_ik;
			};
			name = Debug;
		};
		0ABD0363216A1CC1005CF70C /* Release */ = {
			isa = XCBuildConfiguration;
			buildSettings = {
				ALWAYS_EMBED_SWIFT_STANDARD_LIBRARIES = YES;
				CODE_SIGN_STYLE = Automatic;
				INFOPLIST_FILE = book_xml_parsing_ikUITests/Info.plist;
				LD_RUNPATH_SEARCH_PATHS = "$(inherited) @executable_path/Frameworks @loader_path/Frameworks";
				PRODUCT_BUNDLE_IDENTIFIER = "test.book-xml-parsing-ikUITests";
				PRODUCT_NAME = "$(TARGET_NAME)";
				SWIFT_VERSION = 4.0;
				TARGETED_DEVICE_FAMILY = "1,2";
				TEST_TARGET_NAME = book_xml_parsing_ik;
			};
			name = Release;
		};
/* End XCBuildConfiguration section */

/* Begin XCConfigurationList section */
		0ABD032E216A1CC0005CF70C /* Build configuration list for PBXProject "book_xml_parsing_ik" */ = {
			isa = XCConfigurationList;
			buildConfigurations = (
				0ABD0359216A1CC1005CF70C /* Debug */,
				0ABD035A216A1CC1005CF70C /* Release */,
			);
			defaultConfigurationIsVisible = 0;
			defaultConfigurationName = Release;
		};
		0ABD035B216A1CC1005CF70C /* Build configuration list for PBXNativeTarget "book_xml_parsing_ik" */ = {
			isa = XCConfigurationList;
			buildConfigurations = (
				0ABD035C216A1CC1005CF70C /* Debug */,
				0ABD035D216A1CC1005CF70C /* Release */,
			);
			defaultConfigurationIsVisible = 0;
			defaultConfigurationName = Release;
		};
		0ABD035E216A1CC1005CF70C /* Build configuration list for PBXNativeTarget "book_xml_parsing_ikTests" */ = {
			isa = XCConfigurationList;
			buildConfigurations = (
				0ABD035F216A1CC1005CF70C /* Debug */,
				0ABD0360216A1CC1005CF70C /* Release */,
			);
			defaultConfigurationIsVisible = 0;
			defaultConfigurationName = Release;
		};
		0ABD0361216A1CC1005CF70C /* Build configuration list for PBXNativeTarget "book_xml_parsing_ikUITests" */ = {
			isa = XCConfigurationList;
			buildConfigurations = (
				0ABD0362216A1CC1005CF70C /* Debug */,
				0ABD0363216A1CC1005CF70C /* Release */,
			);
			defaultConfigurationIsVisible = 0;
			defaultConfigurationName = Release;
		};
/* End XCConfigurationList section */
	};
	rootObject = 0ABD032B216A1CC0005CF70C /* Project object */;
}
